// !$*UTF8*$!
{
	archiveVersion = 1;
	classes = {
	};
	objectVersion = 46;
	objects = {

/* Begin PBXBuildFile section */
		6E8A13571A2BC99900EC767C /* AppDelegate.swift in Sources */ = {isa = PBXBuildFile; fileRef = 6E8A13561A2BC99900EC767C /* AppDelegate.swift */; };
		6E8A13591A2BC99900EC767C /* ViewController.swift in Sources */ = {isa = PBXBuildFile; fileRef = 6E8A13581A2BC99900EC767C /* ViewController.swift */; };
		6E8A135E1A2BC99900EC767C /* Images.xcassets in Resources */ = {isa = PBXBuildFile; fileRef = 6E8A135D1A2BC99900EC767C /* Images.xcassets */; };
		6E8A13611A2BC99900EC767C /* LaunchScreen.xib in Resources */ = {isa = PBXBuildFile; fileRef = 6E8A135F1A2BC99900EC767C /* LaunchScreen.xib */; };
		6E8A136D1A2BC99900EC767C /* ViewControllerSpec.swift in Sources */ = {isa = PBXBuildFile; fileRef = 6E8A136C1A2BC99900EC767C /* ViewControllerSpec.swift */; };
		DAB984B01A2BD05E00DA4E86 /* Quick.framework in Frameworks */ = {isa = PBXBuildFile; fileRef = DAB9849A1A2BD04600DA4E86 /* Quick.framework */; };
		DAB984B11A2BD06000DA4E86 /* Nimble.framework in Frameworks */ = {isa = PBXBuildFile; fileRef = DAB984A91A2BD05200DA4E86 /* Nimble.framework */; };
		DAB984B21A2BD27F00DA4E86 /* Main.storyboard in Resources */ = {isa = PBXBuildFile; fileRef = 6E8A135A1A2BC99900EC767C /* Main.storyboard */; };
/* End PBXBuildFile section */

/* Begin PBXContainerItemProxy section */
		6E8A13671A2BC99900EC767C /* PBXContainerItemProxy */ = {
			isa = PBXContainerItemProxy;
			containerPortal = 6E8A13491A2BC99900EC767C /* Project object */;
			proxyType = 1;
			remoteGlobalIDString = 6E8A13501A2BC99900EC767C;
			remoteInfo = QuickStoryboardSpecs;
		};
		DAB984991A2BD04600DA4E86 /* PBXContainerItemProxy */ = {
			isa = PBXContainerItemProxy;
			containerPortal = DAB984921A2BD04600DA4E86 /* Quick.xcodeproj */;
			proxyType = 2;
			remoteGlobalIDString = DAEB6B8E1943873100289F44;
			remoteInfo = "Quick-OSX";
		};
		DAB9849B1A2BD04600DA4E86 /* PBXContainerItemProxy */ = {
			isa = PBXContainerItemProxy;
			containerPortal = DAB984921A2BD04600DA4E86 /* Quick.xcodeproj */;
			proxyType = 2;
			remoteGlobalIDString = DAEB6B991943873100289F44;
			remoteInfo = "Quick-OSXTests";
		};
		DAB9849D1A2BD04600DA4E86 /* PBXContainerItemProxy */ = {
			isa = PBXContainerItemProxy;
			containerPortal = DAB984921A2BD04600DA4E86 /* Quick.xcodeproj */;
			proxyType = 2;
			remoteGlobalIDString = 5A5D117C19473F2100F6D13D;
			remoteInfo = "Quick-iOS";
		};
		DAB9849F1A2BD04600DA4E86 /* PBXContainerItemProxy */ = {
			isa = PBXContainerItemProxy;
			containerPortal = DAB984921A2BD04600DA4E86 /* Quick.xcodeproj */;
			proxyType = 2;
			remoteGlobalIDString = 5A5D118619473F2100F6D13D;
			remoteInfo = "Quick-iOSTests";
		};
		DAB984A81A2BD05200DA4E86 /* PBXContainerItemProxy */ = {
			isa = PBXContainerItemProxy;
			containerPortal = DAB984A11A2BD05200DA4E86 /* Nimble.xcodeproj */;
			proxyType = 2;
			remoteGlobalIDString = 1F1A74291940169200FFFC47;
			remoteInfo = "Nimble-iOS";
		};
		DAB984AA1A2BD05200DA4E86 /* PBXContainerItemProxy */ = {
			isa = PBXContainerItemProxy;
			containerPortal = DAB984A11A2BD05200DA4E86 /* Nimble.xcodeproj */;
			proxyType = 2;
			remoteGlobalIDString = 1F1A74341940169200FFFC47;
			remoteInfo = "Nimble-iOSTests";
		};
		DAB984AC1A2BD05200DA4E86 /* PBXContainerItemProxy */ = {
			isa = PBXContainerItemProxy;
			containerPortal = DAB984A11A2BD05200DA4E86 /* Nimble.xcodeproj */;
			proxyType = 2;
			remoteGlobalIDString = 1F925EAD195C0D6300ED456B;
			remoteInfo = "Nimble-OSX";
		};
		DAB984AE1A2BD05200DA4E86 /* PBXContainerItemProxy */ = {
			isa = PBXContainerItemProxy;
			containerPortal = DAB984A11A2BD05200DA4E86 /* Nimble.xcodeproj */;
			proxyType = 2;
			remoteGlobalIDString = 1F925EB7195C0D6300ED456B;
			remoteInfo = "Nimble-OSXTests";
		};
/* End PBXContainerItemProxy section */

/* Begin PBXFileReference section */
		6E8A13511A2BC99900EC767C /* QuickStoryboardSpecs.app */ = {isa = PBXFileReference; explicitFileType = wrapper.application; includeInIndex = 0; path = QuickStoryboardSpecs.app; sourceTree = BUILT_PRODUCTS_DIR; };
		6E8A13551A2BC99900EC767C /* Info.plist */ = {isa = PBXFileReference; lastKnownFileType = text.plist.xml; path = Info.plist; sourceTree = "<group>"; };
		6E8A13561A2BC99900EC767C /* AppDelegate.swift */ = {isa = PBXFileReference; lastKnownFileType = sourcecode.swift; path = AppDelegate.swift; sourceTree = "<group>"; };
		6E8A13581A2BC99900EC767C /* ViewController.swift */ = {isa = PBXFileReference; lastKnownFileType = sourcecode.swift; path = ViewController.swift; sourceTree = "<group>"; };
		6E8A135B1A2BC99900EC767C /* Base */ = {isa = PBXFileReference; lastKnownFileType = file.storyboard; name = Base; path = Base.lproj/Main.storyboard; sourceTree = "<group>"; };
		6E8A135D1A2BC99900EC767C /* Images.xcassets */ = {isa = PBXFileReference; lastKnownFileType = folder.assetcatalog; path = Images.xcassets; sourceTree = "<group>"; };
		6E8A13601A2BC99900EC767C /* Base */ = {isa = PBXFileReference; lastKnownFileType = file.xib; name = Base; path = Base.lproj/LaunchScreen.xib; sourceTree = "<group>"; };
		6E8A13661A2BC99900EC767C /* QuickStoryboardSpecsTests.xctest */ = {isa = PBXFileReference; explicitFileType = wrapper.cfbundle; includeInIndex = 0; path = QuickStoryboardSpecsTests.xctest; sourceTree = BUILT_PRODUCTS_DIR; };
		6E8A136B1A2BC99900EC767C /* Info.plist */ = {isa = PBXFileReference; lastKnownFileType = text.plist.xml; path = Info.plist; sourceTree = "<group>"; };
		6E8A136C1A2BC99900EC767C /* ViewControllerSpec.swift */ = {isa = PBXFileReference; lastKnownFileType = sourcecode.swift; path = ViewControllerSpec.swift; sourceTree = "<group>"; };
		DAB984921A2BD04600DA4E86 /* Quick.xcodeproj */ = {isa = PBXFileReference; lastKnownFileType = "wrapper.pb-project"; name = Quick.xcodeproj; path = ../../../modocache/Quick/Quick.xcodeproj; sourceTree = "<group>"; };
		DAB984A11A2BD05200DA4E86 /* Nimble.xcodeproj */ = {isa = PBXFileReference; lastKnownFileType = "wrapper.pb-project"; name = Nimble.xcodeproj; path = ../../../modocache/Nimble/Nimble.xcodeproj; sourceTree = "<group>"; };
/* End PBXFileReference section */

/* Begin PBXFrameworksBuildPhase section */
		6E8A134E1A2BC99900EC767C /* Frameworks */ = {
			isa = PBXFrameworksBuildPhase;
			buildActionMask = 2147483647;
			files = (
			);
			runOnlyForDeploymentPostprocessing = 0;
		};
		6E8A13631A2BC99900EC767C /* Frameworks */ = {
			isa = PBXFrameworksBuildPhase;
			buildActionMask = 2147483647;
			files = (
				DAB984B11A2BD06000DA4E86 /* Nimble.framework in Frameworks */,
				DAB984B01A2BD05E00DA4E86 /* Quick.framework in Frameworks */,
			);
			runOnlyForDeploymentPostprocessing = 0;
		};
/* End PBXFrameworksBuildPhase section */

/* Begin PBXGroup section */
		6E8A13481A2BC99900EC767C = {
			isa = PBXGroup;
			children = (
				6E8A13531A2BC99900EC767C /* QuickStoryboardSpecs */,
				6E8A13691A2BC99900EC767C /* QuickStoryboardSpecsTests */,
				6E8A13521A2BC99900EC767C /* Products */,
			);
			sourceTree = "<group>";
		};
		6E8A13521A2BC99900EC767C /* Products */ = {
			isa = PBXGroup;
			children = (
				6E8A13511A2BC99900EC767C /* QuickStoryboardSpecs.app */,
				6E8A13661A2BC99900EC767C /* QuickStoryboardSpecsTests.xctest */,
			);
			name = Products;
			sourceTree = "<group>";
		};
		6E8A13531A2BC99900EC767C /* QuickStoryboardSpecs */ = {
			isa = PBXGroup;
			children = (
				6E8A13561A2BC99900EC767C /* AppDelegate.swift */,
				6E8A13581A2BC99900EC767C /* ViewController.swift */,
				6E8A135A1A2BC99900EC767C /* Main.storyboard */,
				6E8A135D1A2BC99900EC767C /* Images.xcassets */,
				6E8A135F1A2BC99900EC767C /* LaunchScreen.xib */,
				6E8A13541A2BC99900EC767C /* Supporting Files */,
			);
			path = QuickStoryboardSpecs;
			sourceTree = "<group>";
		};
		6E8A13541A2BC99900EC767C /* Supporting Files */ = {
			isa = PBXGroup;
			children = (
				6E8A13551A2BC99900EC767C /* Info.plist */,
			);
			name = "Supporting Files";
			sourceTree = "<group>";
		};
		6E8A13691A2BC99900EC767C /* QuickStoryboardSpecsTests */ = {
			isa = PBXGroup;
			children = (
				DAB984A11A2BD05200DA4E86 /* Nimble.xcodeproj */,
				DAB984921A2BD04600DA4E86 /* Quick.xcodeproj */,
				6E8A136C1A2BC99900EC767C /* ViewControllerSpec.swift */,
				6E8A136A1A2BC99900EC767C /* Supporting Files */,
			);
			path = QuickStoryboardSpecsTests;
			sourceTree = "<group>";
		};
		6E8A136A1A2BC99900EC767C /* Supporting Files */ = {
			isa = PBXGroup;
			children = (
				6E8A136B1A2BC99900EC767C /* Info.plist */,
			);
			name = "Supporting Files";
			sourceTree = "<group>";
		};
		DAB984931A2BD04600DA4E86 /* Products */ = {
			isa = PBXGroup;
			children = (
				DAB9849A1A2BD04600DA4E86 /* Quick.framework */,
				DAB9849C1A2BD04600DA4E86 /* Quick-OSXTests.xctest */,
				DAB9849E1A2BD04600DA4E86 /* Quick.framework */,
				DAB984A01A2BD04600DA4E86 /* Quick-iOSTests.xctest */,
			);
			name = Products;
			sourceTree = "<group>";
		};
		DAB984A21A2BD05200DA4E86 /* Products */ = {
			isa = PBXGroup;
			children = (
				DAB984A91A2BD05200DA4E86 /* Nimble.framework */,
				DAB984AB1A2BD05200DA4E86 /* NimbleTests.xctest */,
				DAB984AD1A2BD05200DA4E86 /* Nimble.framework */,
				DAB984AF1A2BD05200DA4E86 /* Nimble-OSXTests.xctest */,
			);
			name = Products;
			sourceTree = "<group>";
		};
/* End PBXGroup section */

/* Begin PBXNativeTarget section */
		6E8A13501A2BC99900EC767C /* QuickStoryboardSpecs */ = {
			isa = PBXNativeTarget;
			buildConfigurationList = 6E8A13701A2BC99900EC767C /* Build configuration list for PBXNativeTarget "QuickStoryboardSpecs" */;
			buildPhases = (
				6E8A134D1A2BC99900EC767C /* Sources */,
				6E8A134E1A2BC99900EC767C /* Frameworks */,
				6E8A134F1A2BC99900EC767C /* Resources */,
			);
			buildRules = (
			);
			dependencies = (
			);
			name = QuickStoryboardSpecs;
			productName = QuickStoryboardSpecs;
			productReference = 6E8A13511A2BC99900EC767C /* QuickStoryboardSpecs.app */;
			productType = "com.apple.product-type.application";
		};
		6E8A13651A2BC99900EC767C /* QuickStoryboardSpecsTests */ = {
			isa = PBXNativeTarget;
			buildConfigurationList = 6E8A13731A2BC99900EC767C /* Build configuration list for PBXNativeTarget "QuickStoryboardSpecsTests" */;
			buildPhases = (
				6E8A13621A2BC99900EC767C /* Sources */,
				6E8A13631A2BC99900EC767C /* Frameworks */,
				6E8A13641A2BC99900EC767C /* Resources */,
			);
			buildRules = (
			);
			dependencies = (
				6E8A13681A2BC99900EC767C /* PBXTargetDependency */,
			);
			name = QuickStoryboardSpecsTests;
			productName = QuickStoryboardSpecsTests;
			productReference = 6E8A13661A2BC99900EC767C /* QuickStoryboardSpecsTests.xctest */;
			productType = "com.apple.product-type.bundle.unit-test";
		};
/* End PBXNativeTarget section */

/* Begin PBXProject section */
		6E8A13491A2BC99900EC767C /* Project object */ = {
			isa = PBXProject;
			attributes = {
				LastUpgradeCheck = 0610;
				ORGANIZATIONNAME = Pablo;
				TargetAttributes = {
					6E8A13501A2BC99900EC767C = {
						CreatedOnToolsVersion = 6.1;
					};
					6E8A13651A2BC99900EC767C = {
						CreatedOnToolsVersion = 6.1;
						TestTargetID = 6E8A13501A2BC99900EC767C;
					};
				};
			};
			buildConfigurationList = 6E8A134C1A2BC99900EC767C /* Build configuration list for PBXProject "QuickStoryboardSpecs" */;
			compatibilityVersion = "Xcode 3.2";
			developmentRegion = English;
			hasScannedForEncodings = 0;
			knownRegions = (
				en,
				Base,
			);
			mainGroup = 6E8A13481A2BC99900EC767C;
			productRefGroup = 6E8A13521A2BC99900EC767C /* Products */;
			projectDirPath = "";
			projectReferences = (
				{
					ProductGroup = DAB984A21A2BD05200DA4E86 /* Products */;
					ProjectRef = DAB984A11A2BD05200DA4E86 /* Nimble.xcodeproj */;
				},
				{
					ProductGroup = DAB984931A2BD04600DA4E86 /* Products */;
					ProjectRef = DAB984921A2BD04600DA4E86 /* Quick.xcodeproj */;
				},
			);
			projectRoot = "";
			targets = (
				6E8A13501A2BC99900EC767C /* QuickStoryboardSpecs */,
				6E8A13651A2BC99900EC767C /* QuickStoryboardSpecsTests */,
			);
		};
/* End PBXProject section */

/* Begin PBXReferenceProxy section */
		DAB9849A1A2BD04600DA4E86 /* Quick.framework */ = {
			isa = PBXReferenceProxy;
			fileType = wrapper.framework;
			path = Quick.framework;
			remoteRef = DAB984991A2BD04600DA4E86 /* PBXContainerItemProxy */;
			sourceTree = BUILT_PRODUCTS_DIR;
		};
		DAB9849C1A2BD04600DA4E86 /* Quick-OSXTests.xctest */ = {
			isa = PBXReferenceProxy;
			fileType = wrapper.cfbundle;
			path = "Quick-OSXTests.xctest";
			remoteRef = DAB9849B1A2BD04600DA4E86 /* PBXContainerItemProxy */;
			sourceTree = BUILT_PRODUCTS_DIR;
		};
		DAB9849E1A2BD04600DA4E86 /* Quick.framework */ = {
			isa = PBXReferenceProxy;
			fileType = wrapper.framework;
			path = Quick.framework;
			remoteRef = DAB9849D1A2BD04600DA4E86 /* PBXContainerItemProxy */;
			sourceTree = BUILT_PRODUCTS_DIR;
		};
		DAB984A01A2BD04600DA4E86 /* Quick-iOSTests.xctest */ = {
			isa = PBXReferenceProxy;
			fileType = wrapper.cfbundle;
			path = "Quick-iOSTests.xctest";
			remoteRef = DAB9849F1A2BD04600DA4E86 /* PBXContainerItemProxy */;
			sourceTree = BUILT_PRODUCTS_DIR;
		};
		DAB984A91A2BD05200DA4E86 /* Nimble.framework */ = {
			isa = PBXReferenceProxy;
			fileType = wrapper.framework;
			path = Nimble.framework;
			remoteRef = DAB984A81A2BD05200DA4E86 /* PBXContainerItemProxy */;
			sourceTree = BUILT_PRODUCTS_DIR;
		};
		DAB984AB1A2BD05200DA4E86 /* NimbleTests.xctest */ = {
			isa = PBXReferenceProxy;
			fileType = wrapper.cfbundle;
			path = NimbleTests.xctest;
			remoteRef = DAB984AA1A2BD05200DA4E86 /* PBXContainerItemProxy */;
			sourceTree = BUILT_PRODUCTS_DIR;
		};
		DAB984AD1A2BD05200DA4E86 /* Nimble.framework */ = {
			isa = PBXReferenceProxy;
			fileType = wrapper.framework;
			path = Nimble.framework;
			remoteRef = DAB984AC1A2BD05200DA4E86 /* PBXContainerItemProxy */;
			sourceTree = BUILT_PRODUCTS_DIR;
		};
		DAB984AF1A2BD05200DA4E86 /* Nimble-OSXTests.xctest */ = {
			isa = PBXReferenceProxy;
			fileType = wrapper.cfbundle;
			path = "Nimble-OSXTests.xctest";
			remoteRef = DAB984AE1A2BD05200DA4E86 /* PBXContainerItemProxy */;
			sourceTree = BUILT_PRODUCTS_DIR;
		};
/* End PBXReferenceProxy section */

/* Begin PBXResourcesBuildPhase section */
		6E8A134F1A2BC99900EC767C /* Resources */ = {
			isa = PBXResourcesBuildPhase;
			buildActionMask = 2147483647;
			files = (
				DAB984B21A2BD27F00DA4E86 /* Main.storyboard in Resources */,
				6E8A13611A2BC99900EC767C /* LaunchScreen.xib in Resources */,
				6E8A135E1A2BC99900EC767C /* Images.xcassets in Resources */,
			);
			runOnlyForDeploymentPostprocessing = 0;
		};
		6E8A13641A2BC99900EC767C /* Resources */ = {
			isa = PBXResourcesBuildPhase;
			buildActionMask = 2147483647;
			files = (
			);
			runOnlyForDeploymentPostprocessing = 0;
		};
/* End PBXResourcesBuildPhase section */

/* Begin PBXSourcesBuildPhase section */
		6E8A134D1A2BC99900EC767C /* Sources */ = {
			isa = PBXSourcesBuildPhase;
			buildActionMask = 2147483647;
			files = (
				6E8A13591A2BC99900EC767C /* ViewController.swift in Sources */,
				6E8A13571A2BC99900EC767C /* AppDelegate.swift in Sources */,
			);
			runOnlyForDeploymentPostprocessing = 0;
		};
		6E8A13621A2BC99900EC767C /* Sources */ = {
			isa = PBXSourcesBuildPhase;
			buildActionMask = 2147483647;
			files = (
				6E8A136D1A2BC99900EC767C /* ViewControllerSpec.swift in Sources */,
			);
			runOnlyForDeploymentPostprocessing = 0;
		};
/* End PBXSourcesBuildPhase section */

/* Begin PBXTargetDependency section */
		6E8A13681A2BC99900EC767C /* PBXTargetDependency */ = {
			isa = PBXTargetDependency;
			target = 6E8A13501A2BC99900EC767C /* QuickStoryboardSpecs */;
			targetProxy = 6E8A13671A2BC99900EC767C /* PBXContainerItemProxy */;
		};
/* End PBXTargetDependency section */

/* Begin PBXVariantGroup section */
		6E8A135A1A2BC99900EC767C /* Main.storyboard */ = {
			isa = PBXVariantGroup;
			children = (
				6E8A135B1A2BC99900EC767C /* Base */,
			);
			name = Main.storyboard;
			sourceTree = "<group>";
		};
		6E8A135F1A2BC99900EC767C /* LaunchScreen.xib */ = {
			isa = PBXVariantGroup;
			children = (
				6E8A13601A2BC99900EC767C /* Base */,
			);
			name = LaunchScreen.xib;
			sourceTree = "<group>";
		};
/* End PBXVariantGroup section */

/* Begin XCBuildConfiguration section */
		6E8A136E1A2BC99900EC767C /* Debug */ = {
			isa = XCBuildConfiguration;
			buildSettings = {
				ALWAYS_SEARCH_USER_PATHS = NO;
				CLANG_CXX_LANGUAGE_STANDARD = "gnu++0x";
				CLANG_CXX_LIBRARY = "libc++";
				CLANG_ENABLE_MODULES = YES;
				CLANG_ENABLE_OBJC_ARC = YES;
				CLANG_WARN_BOOL_CONVERSION = YES;
				CLANG_WARN_CONSTANT_CONVERSION = YES;
				CLANG_WARN_DIRECT_OBJC_ISA_USAGE = YES_ERROR;
				CLANG_WARN_EMPTY_BODY = YES;
				CLANG_WARN_ENUM_CONVERSION = YES;
				CLANG_WARN_INT_CONVERSION = YES;
				CLANG_WARN_OBJC_ROOT_CLASS = YES_ERROR;
				CLANG_WARN_UNREACHABLE_CODE = YES;
				CLANG_WARN__DUPLICATE_METHOD_MATCH = YES;
				"CODE_SIGN_IDENTITY[sdk=iphoneos*]" = "iPhone Developer";
				COPY_PHASE_STRIP = NO;
				ENABLE_STRICT_OBJC_MSGSEND = YES;
				GCC_C_LANGUAGE_STANDARD = gnu99;
				GCC_DYNAMIC_NO_PIC = NO;
				GCC_OPTIMIZATION_LEVEL = 0;
				GCC_PREPROCESSOR_DEFINITIONS = (
					"DEBUG=1",
					"$(inherited)",
				);
				GCC_SYMBOLS_PRIVATE_EXTERN = NO;
				GCC_WARN_64_TO_32_BIT_CONVERSION = YES;
				GCC_WARN_ABOUT_RETURN_TYPE = YES_ERROR;
				GCC_WARN_UNDECLARED_SELECTOR = YES;
				GCC_WARN_UNINITIALIZED_AUTOS = YES_AGGRESSIVE;
				GCC_WARN_UNUSED_FUNCTION = YES;
				GCC_WARN_UNUSED_VARIABLE = YES;
				IPHONEOS_DEPLOYMENT_TARGET = 8.1;
				MTL_ENABLE_DEBUG_INFO = YES;
				ONLY_ACTIVE_ARCH = YES;
				SDKROOT = iphoneos;
				SWIFT_OPTIMIZATION_LEVEL = "-Onone";
			};
			name = Debug;
		};
		6E8A136F1A2BC99900EC767C /* Release */ = {
			isa = XCBuildConfiguration;
			buildSettings = {
				ALWAYS_SEARCH_USER_PATHS = NO;
				CLANG_CXX_LANGUAGE_STANDARD = "gnu++0x";
				CLANG_CXX_LIBRARY = "libc++";
				CLANG_ENABLE_MODULES = YES;
				CLANG_ENABLE_OBJC_ARC = YES;
				CLANG_WARN_BOOL_CONVERSION = YES;
				CLANG_WARN_CONSTANT_CONVERSION = YES;
				CLANG_WARN_DIRECT_OBJC_ISA_USAGE = YES_ERROR;
				CLANG_WARN_EMPTY_BODY = YES;
				CLANG_WARN_ENUM_CONVERSION = YES;
				CLANG_WARN_INT_CONVERSION = YES;
				CLANG_WARN_OBJC_ROOT_CLASS = YES_ERROR;
				CLANG_WARN_UNREACHABLE_CODE = YES;
				CLANG_WARN__DUPLICATE_METHOD_MATCH = YES;
				"CODE_SIGN_IDENTITY[sdk=iphoneos*]" = "iPhone Developer";
				COPY_PHASE_STRIP = YES;
				ENABLE_NS_ASSERTIONS = NO;
				ENABLE_STRICT_OBJC_MSGSEND = YES;
				GCC_C_LANGUAGE_STANDARD = gnu99;
				GCC_WARN_64_TO_32_BIT_CONVERSION = YES;
				GCC_WARN_ABOUT_RETURN_TYPE = YES_ERROR;
				GCC_WARN_UNDECLARED_SELECTOR = YES;
				GCC_WARN_UNINITIALIZED_AUTOS = YES_AGGRESSIVE;
				GCC_WARN_UNUSED_FUNCTION = YES;
				GCC_WARN_UNUSED_VARIABLE = YES;
				IPHONEOS_DEPLOYMENT_TARGET = 8.1;
				MTL_ENABLE_DEBUG_INFO = NO;
				SDKROOT = iphoneos;
				VALIDATE_PRODUCT = YES;
			};
			name = Release;
		};
		6E8A13711A2BC99900EC767C /* Debug */ = {
			isa = XCBuildConfiguration;
			buildSettings = {
				ASSETCATALOG_COMPILER_APPICON_NAME = AppIcon;
				INFOPLIST_FILE = QuickStoryboardSpecs/Info.plist;
				LD_RUNPATH_SEARCH_PATHS = "$(inherited) @executable_path/Frameworks";
				PRODUCT_NAME = "$(TARGET_NAME)";
			};
			name = Debug;
		};
		6E8A13721A2BC99900EC767C /* Release */ = {
			isa = XCBuildConfiguration;
			buildSettings = {
				ASSETCATALOG_COMPILER_APPICON_NAME = AppIcon;
				INFOPLIST_FILE = QuickStoryboardSpecs/Info.plist;
				LD_RUNPATH_SEARCH_PATHS = "$(inherited) @executable_path/Frameworks";
				PRODUCT_NAME = "$(TARGET_NAME)";
			};
			name = Release;
		};
		6E8A13741A2BC99900EC767C /* Debug */ = {
			isa = XCBuildConfiguration;
			buildSettings = {
				BUNDLE_LOADER = "$(TEST_HOST)";
				FRAMEWORK_SEARCH_PATHS = (
					"$(SDKROOT)/Developer/Library/Frameworks",
					"$(inherited)",
				);
				GCC_PREPROCESSOR_DEFINITIONS = (
					"DEBUG=1",
					"$(inherited)",
				);
				INFOPLIST_FILE = QuickStoryboardSpecsTests/Info.plist;
				LD_RUNPATH_SEARCH_PATHS = "$(inherited) @executable_path/Frameworks @loader_path/Frameworks";
				PRODUCT_NAME = "$(TARGET_NAME)";
				TEST_HOST = "$(BUILT_PRODUCTS_DIR)/QuickStoryboardSpecs.app/QuickStoryboardSpecs";
			};
			name = Debug;
		};
		6E8A13751A2BC99900EC767C /* Release */ = {
			isa = XCBuildConfiguration;
			buildSettings = {
				BUNDLE_LOADER = "$(TEST_HOST)";
				FRAMEWORK_SEARCH_PATHS = (
					"$(SDKROOT)/Developer/Library/Frameworks",
					"$(inherited)",
				);
				INFOPLIST_FILE = QuickStoryboardSpecsTests/Info.plist;
				LD_RUNPATH_SEARCH_PATHS = "$(inherited) @executable_path/Frameworks @loader_path/Frameworks";
				PRODUCT_NAME = "$(TARGET_NAME)";
				TEST_HOST = "$(BUILT_PRODUCTS_DIR)/QuickStoryboardSpecs.app/QuickStoryboardSpecs";
			};
			name = Release;
		};
/* End XCBuildConfiguration section */

/* Begin XCConfigurationList section */
		6E8A134C1A2BC99900EC767C /* Build configuration list for PBXProject "QuickStoryboardSpecs" */ = {
			isa = XCConfigurationList;
			buildConfigurations = (
				6E8A136E1A2BC99900EC767C /* Debug */,
				6E8A136F1A2BC99900EC767C /* Release */,
			);
			defaultConfigurationIsVisible = 0;
			defaultConfigurationName = Release;
		};
		6E8A13701A2BC99900EC767C /* Build configuration list for PBXNativeTarget "QuickStoryboardSpecs" */ = {
			isa = XCConfigurationList;
			buildConfigurations = (
				6E8A13711A2BC99900EC767C /* Debug */,
				6E8A13721A2BC99900EC767C /* Release */,
			);
			defaultConfigurationIsVisible = 0;
			defaultConfigurationName = Release;
		};
		6E8A13731A2BC99900EC767C /* Build configuration list for PBXNativeTarget "QuickStoryboardSpecsTests" */ = {
			isa = XCConfigurationList;
			buildConfigurations = (
				6E8A13741A2BC99900EC767C /* Debug */,
				6E8A13751A2BC99900EC767C /* Release */,
			);
			defaultConfigurationIsVisible = 0;
			defaultConfigurationName = Release;
		};
/* End XCConfigurationList section */
	};
	rootObject = 6E8A13491A2BC99900EC767C /* Project object */;
}
